{
  "name": "Kelompok 2",
  "lockfileVersion": 2,
  "requires": true,
  "packages": {
    "": {
      "dependencies": {
        "sly": "^0.0.1"
      }
    },
    "node_modules/sly": {
      "version": "0.0.1",
      "resolved": "https://registry.npmjs.org/sly/-/sly-0.0.1.tgz",
      "integrity": "sha1-Nvvk6w0qClA/xcxYnMTLBcCRQ7A=",
      "engines": [
        "node >= 0.2.6"
      ]
    }
  },
  "dependencies": {
    "sly": {
      "version": "0.0.1",
      "resolved": "https://registry.npmjs.org/sly/-/sly-0.0.1.tgz",
      "integrity": "sha1-Nvvk6w0qClA/xcxYnMTLBcCRQ7A="
    }
  }
}
